
Microsoft Visual Studio Solution File, Format Version 12.00
# Visual Studio Version 16
VisualStudioVersion = 16.0.30406.217
MinimumVisualStudioVersion = 10.0.40219.1
Project("{9A19103F-16F7-4668-BE54-9A1E7A4F7556}") = "Invoice Discounting", "Invoice Discounting\Invoice Discounting.csproj", "{CBCA3BA4-FD80-4BFD-A19B-0FC3E76607C6}"
EndProject
Project("{9A19103F-16F7-4668-BE54-9A1E7A4F7556}") = "InvoiceDiscounting.UserEnablingService", "InvoiceDiscounting.UserEnablingService\InvoiceDiscounting.UserEnablingService.csproj", "{5B855D29-4E82-4B2E-9B0B-217472F33811}"
EndProject
Project("{9A19103F-16F7-4668-BE54-9A1E7A4F7556}") = "InvoiceDiscounting.UserEnablingServices", "InvoiceDiscounting.UserEnablingServices\InvoiceDiscounting.UserEnablingServices.csproj", "{F95F027D-6CBB-45EA-9EF2-EA983B7142B1}"
EndProject
Project("{9A19103F-16F7-4668-BE54-9A1E7A4F7556}") = "InvoiceDiscounting.BusinessLogic", "InvoiceDiscounting.BusinessLogic\InvoiceDiscounting.BusinessLogic.csproj", "{F5CB0426-2559-44C3-80D9-76B9047943C5}"
EndProject
Project("{9A19103F-16F7-4668-BE54-9A1E7A4F7556}") = "SupplyChainWS", "SupplyChainWS\SupplyChainWS.csproj", "{92E0B618-3F51-46AC-ACCB-A3F19EB45A7E}"
EndProject
Project("{FAE04EC0-301F-11D3-BF4B-00C04F79EFBC}") = "InvoiceDiscounting.RepaymentService", "InvoiceDiscounting.RepaymentService\InvoiceDiscounting.RepaymentService.csproj", "{1B2EFCC6-FAE0-488E-89A9-E70C2B69AC95}"
EndProject
Global
	GlobalSection(SolutionConfigurationPlatforms) = preSolution
		Debug|Any CPU = Debug|Any CPU
		Release|Any CPU = Release|Any CPU
	EndGlobalSection
	GlobalSection(ProjectConfigurationPlatforms) = postSolution
		{CBCA3BA4-FD80-4BFD-A19B-0FC3E76607C6}.Debug|Any CPU.ActiveCfg = Debug|Any CPU
		{CBCA3BA4-FD80-4BFD-A19B-0FC3E76607C6}.Debug|Any CPU.Build.0 = Debug|Any CPU
		{CBCA3BA4-FD80-4BFD-A19B-0FC3E76607C6}.Release|Any CPU.ActiveCfg = Release|Any CPU
		{CBCA3BA4-FD80-4BFD-A19B-0FC3E76607C6}.Release|Any CPU.Build.0 = Release|Any CPU
		{5B855D29-4E82-4B2E-9B0B-217472F33811}.Debug|Any CPU.ActiveCfg = Debug|Any CPU
		{5B855D29-4E82-4B2E-9B0B-217472F33811}.Debug|Any CPU.Build.0 = Debug|Any CPU
		{5B855D29-4E82-4B2E-9B0B-217472F33811}.Release|Any CPU.ActiveCfg = Release|Any CPU
		{5B855D29-4E82-4B2E-9B0B-217472F33811}.Release|Any CPU.Build.0 = Release|Any CPU
		{F95F027D-6CBB-45EA-9EF2-EA983B7142B1}.Debug|Any CPU.ActiveCfg = Debug|Any CPU
		{F95F027D-6CBB-45EA-9EF2-EA983B7142B1}.Debug|Any CPU.Build.0 = Debug|Any CPU
		{F95F027D-6CBB-45EA-9EF2-EA983B7142B1}.Release|Any CPU.ActiveCfg = Release|Any CPU
		{F95F027D-6CBB-45EA-9EF2-EA983B7142B1}.Release|Any CPU.Build.0 = Release|Any CPU
		{F5CB0426-2559-44C3-80D9-76B9047943C5}.Debug|Any CPU.ActiveCfg = Debug|Any CPU
		{F5CB0426-2559-44C3-80D9-76B9047943C5}.Debug|Any CPU.Build.0 = Debug|Any CPU
		{F5CB0426-2559-44C3-80D9-76B9047943C5}.Release|Any CPU.ActiveCfg = Release|Any CPU
		{F5CB0426-2559-44C3-80D9-76B9047943C5}.Release|Any CPU.Build.0 = Release|Any CPU
		{92E0B618-3F51-46AC-ACCB-A3F19EB45A7E}.Debug|Any CPU.ActiveCfg = Debug|Any CPU
		{92E0B618-3F51-46AC-ACCB-A3F19EB45A7E}.Debug|Any CPU.Build.0 = Debug|Any CPU
		{92E0B618-3F51-46AC-ACCB-A3F19EB45A7E}.Release|Any CPU.ActiveCfg = Release|Any CPU
		{92E0B618-3F51-46AC-ACCB-A3F19EB45A7E}.Release|Any CPU.Build.0 = Release|Any CPU
		{1B2EFCC6-FAE0-488E-89A9-E70C2B69AC95}.Debug|Any CPU.ActiveCfg = Debug|Any CPU
		{1B2EFCC6-FAE0-488E-89A9-E70C2B69AC95}.Debug|Any CPU.Build.0 = Debug|Any CPU
		{1B2EFCC6-FAE0-488E-89A9-E70C2B69AC95}.Release|Any CPU.ActiveCfg = Release|Any CPU
		{1B2EFCC6-FAE0-488E-89A9-E70C2B69AC95}.Release|Any CPU.Build.0 = Release|Any CPU
	EndGlobalSection
	GlobalSection(SolutionProperties) = preSolution
		HideSolutionNode = FALSE
	EndGlobalSection
	GlobalSection(ExtensibilityGlobals) = postSolution
		SolutionGuid = {39D221A5-F50F-4F02-852B-3FFA8F21C12B}
	EndGlobalSection
EndGlobal
